
Microsoft Visual Studio Solution File, Format Version 12.00
# Visual Studio Version 16
VisualStudioVersion = 16.0.32228.343
MinimumVisualStudioVersion = 10.0.40219.1
Project("{FAE04EC0-301F-11D3-BF4B-00C04F79EFBC}") = "Swashbuckle_WebApi", "Swashbuckle_WebApi\Swashbuckle_WebApi.csproj", "{1F213D48-E638-4C67-8F17-971CC584772A}"
EndProject
Global
	GlobalSection(SolutionConfigurationPlatforms) = preSolution
		Debug|Any CPU = Debug|Any CPU
		Release|Any CPU = Release|Any CPU
	EndGlobalSection
	GlobalSection(ProjectConfigurationPlatforms) = postSolution
		{1F213D48-E638-4C67-8F17-971CC584772A}.Debug|Any CPU.ActiveCfg = Debug|Any CPU
		{1F213D48-E638-4C67-8F17-971CC584772A}.Debug|Any CPU.Build.0 = Debug|Any CPU
		{1F213D48-E638-4C67-8F17-971CC584772A}.Release|Any CPU.ActiveCfg = Release|Any CPU
		{1F213D48-E638-4C67-8F17-971CC584772A}.Release|Any CPU.Build.0 = Release|Any CPU
	EndGlobalSection
	GlobalSection(SolutionProperties) = preSolution
		HideSolutionNode = FALSE
	EndGlobalSection
	GlobalSection(ExtensibilityGlobals) = postSolution
		SolutionGuid = {57807BC4-13B1-4243-9F4A-61F965B50AC3}
	EndGlobalSection
EndGlobal
